
Microsoft Visual Studio Solution File, Format Version 12.00
Project("{FAE04EC0-301F-11D3-BF4B-00C04F79EFBC}") = "Hello_World", "Hello_World.csproj", "{0C487353-9768-4E7A-B26D-B8DBF9E49548}"
EndProject
Project("{FAE04EC0-301F-11D3-BF4B-00C04F79EFBC}") = "ClassLibrary1", "ClassLibrary1\ClassLibrary1.csproj", "{5152C142-CE93-431C-8852-F25CBAA2B4A1}"
EndProject
Project("{FAE04EC0-301F-11D3-BF4B-00C04F79EFBC}") = "ClassLibraryTest", "ClassLibraryTest\ClassLibraryTest.csproj", "{6C0BD491-F717-4D84-B1C6-F2886676B8AD}"
EndProject
Project("{FAE04EC0-301F-11D3-BF4B-00C04F79EFBC}") = "Variables", "Variables\Variables.csproj", "{D81F18F8-3F88-4C1C-8841-E884B5637256}"
EndProject
Project("{FAE04EC0-301F-11D3-BF4B-00C04F79EFBC}") = "UnitTestBasics", "UnitTestBasics\UnitTestBasics.csproj", "{394D0058-E16A-4723-AC69-C059242CE84F}"
EndProject
Global
	GlobalSection(SolutionConfigurationPlatforms) = preSolution
		Debug|Any CPU = Debug|Any CPU
		Release|Any CPU = Release|Any CPU
	EndGlobalSection
	GlobalSection(ProjectConfigurationPlatforms) = postSolution
		{0C487353-9768-4E7A-B26D-B8DBF9E49548}.Debug|Any CPU.ActiveCfg = Debug|Any CPU
		{0C487353-9768-4E7A-B26D-B8DBF9E49548}.Debug|Any CPU.Build.0 = Debug|Any CPU
		{0C487353-9768-4E7A-B26D-B8DBF9E49548}.Release|Any CPU.ActiveCfg = Release|Any CPU
		{0C487353-9768-4E7A-B26D-B8DBF9E49548}.Release|Any CPU.Build.0 = Release|Any CPU
		{5152C142-CE93-431C-8852-F25CBAA2B4A1}.Debug|Any CPU.ActiveCfg = Debug|Any CPU
		{5152C142-CE93-431C-8852-F25CBAA2B4A1}.Debug|Any CPU.Build.0 = Debug|Any CPU
		{5152C142-CE93-431C-8852-F25CBAA2B4A1}.Release|Any CPU.ActiveCfg = Release|Any CPU
		{5152C142-CE93-431C-8852-F25CBAA2B4A1}.Release|Any CPU.Build.0 = Release|Any CPU
		{6C0BD491-F717-4D84-B1C6-F2886676B8AD}.Debug|Any CPU.ActiveCfg = Debug|Any CPU
		{6C0BD491-F717-4D84-B1C6-F2886676B8AD}.Debug|Any CPU.Build.0 = Debug|Any CPU
		{6C0BD491-F717-4D84-B1C6-F2886676B8AD}.Release|Any CPU.ActiveCfg = Release|Any CPU
		{6C0BD491-F717-4D84-B1C6-F2886676B8AD}.Release|Any CPU.Build.0 = Release|Any CPU
		{D81F18F8-3F88-4C1C-8841-E884B5637256}.Debug|Any CPU.ActiveCfg = Debug|Any CPU
		{D81F18F8-3F88-4C1C-8841-E884B5637256}.Debug|Any CPU.Build.0 = Debug|Any CPU
		{D81F18F8-3F88-4C1C-8841-E884B5637256}.Release|Any CPU.ActiveCfg = Release|Any CPU
		{D81F18F8-3F88-4C1C-8841-E884B5637256}.Release|Any CPU.Build.0 = Release|Any CPU
		{394D0058-E16A-4723-AC69-C059242CE84F}.Debug|Any CPU.ActiveCfg = Debug|Any CPU
		{394D0058-E16A-4723-AC69-C059242CE84F}.Debug|Any CPU.Build.0 = Debug|Any CPU
		{394D0058-E16A-4723-AC69-C059242CE84F}.Release|Any CPU.ActiveCfg = Release|Any CPU
		{394D0058-E16A-4723-AC69-C059242CE84F}.Release|Any CPU.Build.0 = Release|Any CPU
	EndGlobalSection
EndGlobal
